{
  "name": "server",
  "version": "0.0.0",
  "lockfileVersion": 2,
  "requires": true,
  "packages": {
    "": {
      "name": "server",
      "version": "0.0.0",
      "dependencies": {
        "lmdb": "^2.5.5"
      },
      "devDependencies": {
        "@types/node": "^14.14.7",
        "typescript": "^4.0.5"
      }
    },
    "node_modules/@lmdb/lmdb-darwin-arm64": {
      "version": "2.5.5",
      "resolved": "https://registry.npmjs.org/@lmdb/lmdb-darwin-arm64/-/lmdb-darwin-arm64-2.5.5.tgz",
      "integrity": "sha512-TEy/gD6ii4ybRSvM8VWXjoxBHsf5OYmV0T/80VqQ9gBx2CKE4Qj9tSDm4/SI2elNDTs8Lv1YJ86DSvsYGoqpoA==",
      "cpu": [
        "arm64"
      ],
      "optional": true,
      "os": [
        "darwin"
      ]
    },
    "node_modules/@lmdb/lmdb-darwin-x64": {
      "version": "2.5.5",
      "resolved": "https://registry.npmjs.org/@lmdb/lmdb-darwin-x64/-/lmdb-darwin-x64-2.5.5.tgz",
      "integrity": "sha512-lEsYVylaY/7hWinyqPwE61kVyuVkX5YahI3vUqAOB9NlodWaqXaJaGzJZwV0fgVkDi4JZPs7EqXbju6fKLHZGw==",
      "cpu": [
        "x64"
      ],
      "optional": true,
      "os": [
        "darwin"
      ]
    },
    "node_modules/@lmdb/lmdb-linux-arm": {
      "version": "2.5.5",
      "resolved": "https://registry.npmjs.org/@lmdb/lmdb-linux-arm/-/lmdb-linux-arm-2.5.5.tgz",
      "integrity": "sha512-N7wYEMWQfW1SUsecJeL+agD/q9PMtMEdTvvvvVEurKhojMvDYsQPn7WAidpKxJoKeYGMPE/t2LPnvDyTRj0bMQ==",
      "cpu": [
        "arm"
      ],
      "optional": true,
      "os": [
        "linux"
      ]
    },
    "node_modules/@lmdb/lmdb-linux-arm64": {
      "version": "2.5.5",
      "resolved": "https://registry.npmjs.org/@lmdb/lmdb-linux-arm64/-/lmdb-linux-arm64-2.5.5.tgz",
      "integrity": "sha512-xL9Dd4D6kpOBNCa9IjGtmH8FU8b2bVKb1ZFwXU7XQf5H5RIf4rDvLi2qIK1rIl/Av81QiOV0HjwLzOuyIcBRXw==",
      "cpu": [
        "arm64"
      ],
      "optional": true,
      "os": [
        "linux"
      ]
    },
    "node_modules/@lmdb/lmdb-linux-x64": {
      "version": "2.5.5",
      "resolved": "https://registry.npmjs.org/@lmdb/lmdb-linux-x64/-/lmdb-linux-x64-2.5.5.tgz",
      "integrity": "sha512-ZpwcHHmUh56EFp7yuq+MegbfXbo8SnXx4xCiktMftPESWGNn+GTdjaOhQ8yUa/oPEcnJx8gxEdrgM4bFbgaKMQ==",
      "cpu": [
        "x64"
      ],
      "optional": true,
      "os": [
        "linux"
      ]
    },
    "node_modules/@lmdb/lmdb-win32-x64": {
      "version": "2.5.5",
      "resolved": "https://registry.npmjs.org/@lmdb/lmdb-win32-x64/-/lmdb-win32-x64-2.5.5.tgz",
      "integrity": "sha512-gz0tGCyV7Kl6NSDe1zMuuM0WORhvzQCtfS8IcIg+RxcxXtcUPklDaaUwJgLttcbgxYugklzxlBzaKrASa5sKhQ==",
      "cpu": [
        "x64"
      ],
      "optional": true,
      "os": [
        "win32"
      ]
    },
    "node_modules/@msgpackr-extract/msgpackr-extract-darwin-arm64": {
      "version": "2.1.2",
      "resolved": "https://registry.npmjs.org/@msgpackr-extract/msgpackr-extract-darwin-arm64/-/msgpackr-extract-darwin-arm64-2.1.2.tgz",
      "integrity": "sha512-TyVLn3S/+ikMDsh0gbKv2YydKClN8HaJDDpONlaZR+LVJmsxLFUgA+O7zu59h9+f9gX1aj/ahw9wqa6rosmrYQ==",
      "cpu": [
        "arm64"
      ],
      "optional": true,
      "os": [
        "darwin"
      ]
    },
    "node_modules/@msgpackr-extract/msgpackr-extract-darwin-x64": {
      "version": "2.1.2",
      "resolved": "https://registry.npmjs.org/@msgpackr-extract/msgpackr-extract-darwin-x64/-/msgpackr-extract-darwin-x64-2.1.2.tgz",
      "integrity": "sha512-YPXtcVkhmVNoMGlqp81ZHW4dMxK09msWgnxtsDpSiZwTzUBG2N+No2bsr7WMtBKCVJMSD6mbAl7YhKUqkp/Few==",
      "cpu": [
        "x64"
      ],
      "optional": true,
      "os": [
        "darwin"
      ]
    },
    "node_modules/@msgpackr-extract/msgpackr-extract-linux-arm": {
      "version": "2.1.2",
      "resolved": "https://registry.npmjs.org/@msgpackr-extract/msgpackr-extract-linux-arm/-/msgpackr-extract-linux-arm-2.1.2.tgz",
      "integrity": "sha512-42R4MAFeIeNn+L98qwxAt360bwzX2Kf0ZQkBBucJ2Ircza3asoY4CDbgiu9VWklq8gWJVSJSJBwDI+c/THiWkA==",
      "cpu": [
        "arm"
      ],
      "optional": true,
      "os": [
        "linux"
      ]
    },
    "node_modules/@msgpackr-extract/msgpackr-extract-linux-arm64": {
      "version": "2.1.2",
      "resolved": "https://registry.npmjs.org/@msgpackr-extract/msgpackr-extract-linux-arm64/-/msgpackr-extract-linux-arm64-2.1.2.tgz",
      "integrity": "sha512-vHZ2JiOWF2+DN9lzltGbhtQNzDo8fKFGrf37UJrgqxU0yvtERrzUugnfnX1wmVfFhSsF8OxrfqiNOUc5hko1Zg==",
      "cpu": [
        "arm64"
      ],
      "optional": true,
      "os": [
        "linux"
      ]
    },
    "node_modules/@msgpackr-extract/msgpackr-extract-linux-x64": {
      "version": "2.1.2",
      "resolved": "https://registry.npmjs.org/@msgpackr-extract/msgpackr-extract-linux-x64/-/msgpackr-extract-linux-x64-2.1.2.tgz",
      "integrity": "sha512-RjRoRxg7Q3kPAdUSC5EUUPlwfMkIVhmaRTIe+cqHbKrGZ4M6TyCA/b5qMaukQ/1CHWrqYY2FbKOAU8Hg0pQFzg==",
      "cpu": [
        "x64"
      ],
      "optional": true,
      "os": [
        "linux"
      ]
    },
    "node_modules/@msgpackr-extract/msgpackr-extract-win32-x64": {
      "version": "2.1.2",
      "resolved": "https://registry.npmjs.org/@msgpackr-extract/msgpackr-extract-win32-x64/-/msgpackr-extract-win32-x64-2.1.2.tgz",
      "integrity": "sha512-rIZVR48zA8hGkHIK7ED6+ZiXsjRCcAVBJbm8o89OKAMTmEAQ2QvoOxoiu3w2isAaWwzgtQIOFIqHwvZDyLKCvw==",
      "cpu": [
        "x64"
      ],
      "optional": true,
      "os": [
        "win32"
      ]
    },
    "node_modules/@types/node": {
      "version": "14.18.23",
      "resolved": "https://registry.npmjs.org/@types/node/-/node-14.18.23.tgz",
      "integrity": "sha512-MhbCWN18R4GhO8ewQWAFK4TGQdBpXWByukz7cWyJmXhvRuCIaM/oWytGPqVmDzgEnnaIc9ss6HbU5mUi+vyZPA==",
      "dev": true
    },
    "node_modules/lmdb": {
      "version": "2.5.5",
      "resolved": "https://registry.npmjs.org/lmdb/-/lmdb-2.5.5.tgz",
      "integrity": "sha512-e8/ZM2fsZlg2D88FZSHwJSqe7LNDfYS8/e3imocWLZ0qeoXvoT1Yfhnio2G5pPNM/fk2RX7mfE2Qsgp/EwTyuA==",
      "hasInstallScript": true,
      "dependencies": {
        "msgpackr": "^1.5.4",
        "node-addon-api": "^4.3.0",
        "node-gyp-build-optional-packages": "5.0.3",
        "ordered-binary": "^1.2.4",
        "weak-lru-cache": "^1.2.2"
      },
      "optionalDependencies": {
        "@lmdb/lmdb-darwin-arm64": "2.5.5",
        "@lmdb/lmdb-darwin-x64": "2.5.5",
        "@lmdb/lmdb-linux-arm": "2.5.5",
        "@lmdb/lmdb-linux-arm64": "2.5.5",
        "@lmdb/lmdb-linux-x64": "2.5.5",
        "@lmdb/lmdb-win32-x64": "2.5.5"
      }
    },
    "node_modules/msgpackr": {
      "version": "1.6.2",
      "resolved": "https://registry.npmjs.org/msgpackr/-/msgpackr-1.6.2.tgz",
      "integrity": "sha512-bqSQ0DYJbXbrJcrZFmMygUZmqQiDfI2ewFVWcrZY12w5XHWtPuW4WppDT/e63Uu311ajwkRRXSoF0uILroBeTA==",
      "optionalDependencies": {
        "msgpackr-extract": "^2.0.2"
      }
    },
    "node_modules/msgpackr-extract": {
      "version": "2.1.2",
      "resolved": "https://registry.npmjs.org/msgpackr-extract/-/msgpackr-extract-2.1.2.tgz",
      "integrity": "sha512-cmrmERQFb19NX2JABOGtrKdHMyI6RUyceaPBQ2iRz9GnDkjBWFjNJC0jyyoOfZl2U/LZE3tQCCQc4dlRyA8mcA==",
      "hasInstallScript": true,
      "optional": true,
      "dependencies": {
        "node-gyp-build-optional-packages": "5.0.3"
      },
      "bin": {
        "download-msgpackr-prebuilds": "bin/download-prebuilds.js"
      },
      "optionalDependencies": {
        "@msgpackr-extract/msgpackr-extract-darwin-arm64": "2.1.2",
        "@msgpackr-extract/msgpackr-extract-darwin-x64": "2.1.2",
        "@msgpackr-extract/msgpackr-extract-linux-arm": "2.1.2",
        "@msgpackr-extract/msgpackr-extract-linux-arm64": "2.1.2",
        "@msgpackr-extract/msgpackr-extract-linux-x64": "2.1.2",
        "@msgpackr-extract/msgpackr-extract-win32-x64": "2.1.2"
      }
    },
    "node_modules/node-addon-api": {
      "version": "4.3.0",
      "resolved": "https://registry.npmjs.org/node-addon-api/-/node-addon-api-4.3.0.tgz",
      "integrity": "sha512-73sE9+3UaLYYFmDsFZnqCInzPyh3MqIwZO9cw58yIqAZhONrrabrYyYe3TuIqtIiOuTXVhsGau8hcrhhwSsDIQ=="
    },
    "node_modules/node-gyp-build-optional-packages": {
      "version": "5.0.3",
      "resolved": "https://registry.npmjs.org/node-gyp-build-optional-packages/-/node-gyp-build-optional-packages-5.0.3.tgz",
      "integrity": "sha512-k75jcVzk5wnnc/FMxsf4udAoTEUv2jY3ycfdSd3yWu6Cnd1oee6/CfZJApyscA4FJOmdoixWwiwOyf16RzD5JA==",
      "bin": {
        "node-gyp-build-optional-packages": "bin.js",
        "node-gyp-build-optional-packages-optional": "optional.js",
        "node-gyp-build-optional-packages-test": "build-test.js"
      }
    },
    "node_modules/ordered-binary": {
      "version": "1.3.0",
      "resolved": "https://registry.npmjs.org/ordered-binary/-/ordered-binary-1.3.0.tgz",
      "integrity": "sha512-knIeYepTI6BDAzGxqFEDGtI/iGqs57H32CInAIxEvAHG46vk1Di0CEpyc1A7iY39B1mfik3g3KLYwOTNnnMHLA=="
    },
    "node_modules/typescript": {
      "version": "4.7.4",
      "resolved": "https://registry.npmjs.org/typescript/-/typescript-4.7.4.tgz",
      "integrity": "sha512-C0WQT0gezHuw6AdY1M2jxUO83Rjf0HP7Sk1DtXj6j1EwkQNZrHAg2XPWlq62oqEhYvONq5pkC2Y9oPljWToLmQ==",
      "dev": true,
      "bin": {
        "tsc": "bin/tsc",
        "tsserver": "bin/tsserver"
      },
      "engines": {
        "node": ">=4.2.0"
      }
    },
    "node_modules/weak-lru-cache": {
      "version": "1.2.2",
      "resolved": "https://registry.npmjs.org/weak-lru-cache/-/weak-lru-cache-1.2.2.tgz",
      "integrity": "sha512-DEAoo25RfSYMuTGc9vPJzZcZullwIqRDSI9LOy+fkCJPi6hykCnfKaXTuPBDuXAUcqHXyOgFtHNp/kB2FjYHbw=="
    }
  },
  "dependencies": {
    "@lmdb/lmdb-darwin-arm64": {
      "version": "2.5.5",
      "resolved": "https://registry.npmjs.org/@lmdb/lmdb-darwin-arm64/-/lmdb-darwin-arm64-2.5.5.tgz",
      "integrity": "sha512-TEy/gD6ii4ybRSvM8VWXjoxBHsf5OYmV0T/80VqQ9gBx2CKE4Qj9tSDm4/SI2elNDTs8Lv1YJ86DSvsYGoqpoA==",
      "optional": true
    },
    "@lmdb/lmdb-darwin-x64": {
      "version": "2.5.5",
      "resolved": "https://registry.npmjs.org/@lmdb/lmdb-darwin-x64/-/lmdb-darwin-x64-2.5.5.tgz",
      "integrity": "sha512-lEsYVylaY/7hWinyqPwE61kVyuVkX5YahI3vUqAOB9NlodWaqXaJaGzJZwV0fgVkDi4JZPs7EqXbju6fKLHZGw==",
      "optional": true
    },
    "@lmdb/lmdb-linux-arm": {
      "version": "2.5.5",
      "resolved": "https://registry.npmjs.org/@lmdb/lmdb-linux-arm/-/lmdb-linux-arm-2.5.5.tgz",
      "integrity": "sha512-N7wYEMWQfW1SUsecJeL+agD/q9PMtMEdTvvvvVEurKhojMvDYsQPn7WAidpKxJoKeYGMPE/t2LPnvDyTRj0bMQ==",
      "optional": true
    },
    "@lmdb/lmdb-linux-arm64": {
      "version": "2.5.5",
      "resolved": "https://registry.npmjs.org/@lmdb/lmdb-linux-arm64/-/lmdb-linux-arm64-2.5.5.tgz",
      "integrity": "sha512-xL9Dd4D6kpOBNCa9IjGtmH8FU8b2bVKb1ZFwXU7XQf5H5RIf4rDvLi2qIK1rIl/Av81QiOV0HjwLzOuyIcBRXw==",
      "optional": true
    },
    "@lmdb/lmdb-linux-x64": {
      "version": "2.5.5",
      "resolved": "https://registry.npmjs.org/@lmdb/lmdb-linux-x64/-/lmdb-linux-x64-2.5.5.tgz",
      "integrity": "sha512-ZpwcHHmUh56EFp7yuq+MegbfXbo8SnXx4xCiktMftPESWGNn+GTdjaOhQ8yUa/oPEcnJx8gxEdrgM4bFbgaKMQ==",
      "optional": true
    },
    "@lmdb/lmdb-win32-x64": {
      "version": "2.5.5",
      "resolved": "https://registry.npmjs.org/@lmdb/lmdb-win32-x64/-/lmdb-win32-x64-2.5.5.tgz",
      "integrity": "sha512-gz0tGCyV7Kl6NSDe1zMuuM0WORhvzQCtfS8IcIg+RxcxXtcUPklDaaUwJgLttcbgxYugklzxlBzaKrASa5sKhQ==",
      "optional": true
    },
    "@msgpackr-extract/msgpackr-extract-darwin-arm64": {
      "version": "2.1.2",
      "resolved": "https://registry.npmjs.org/@msgpackr-extract/msgpackr-extract-darwin-arm64/-/msgpackr-extract-darwin-arm64-2.1.2.tgz",
      "integrity": "sha512-TyVLn3S/+ikMDsh0gbKv2YydKClN8HaJDDpONlaZR+LVJmsxLFUgA+O7zu59h9+f9gX1aj/ahw9wqa6rosmrYQ==",
      "optional": true
    },
    "@msgpackr-extract/msgpackr-extract-darwin-x64": {
      "version": "2.1.2",
      "resolved": "https://registry.npmjs.org/@msgpackr-extract/msgpackr-extract-darwin-x64/-/msgpackr-extract-darwin-x64-2.1.2.tgz",
      "integrity": "sha512-YPXtcVkhmVNoMGlqp81ZHW4dMxK09msWgnxtsDpSiZwTzUBG2N+No2bsr7WMtBKCVJMSD6mbAl7YhKUqkp/Few==",
      "optional": true
    },
    "@msgpackr-extract/msgpackr-extract-linux-arm": {
      "version": "2.1.2",
      "resolved": "https://registry.npmjs.org/@msgpackr-extract/msgpackr-extract-linux-arm/-/msgpackr-extract-linux-arm-2.1.2.tgz",
      "integrity": "sha512-42R4MAFeIeNn+L98qwxAt360bwzX2Kf0ZQkBBucJ2Ircza3asoY4CDbgiu9VWklq8gWJVSJSJBwDI+c/THiWkA==",
      "optional": true
    },
    "@msgpackr-extract/msgpackr-extract-linux-arm64": {
      "version": "2.1.2",
      "resolved": "https://registry.npmjs.org/@msgpackr-extract/msgpackr-extract-linux-arm64/-/msgpackr-extract-linux-arm64-2.1.2.tgz",
      "integrity": "sha512-vHZ2JiOWF2+DN9lzltGbhtQNzDo8fKFGrf37UJrgqxU0yvtERrzUugnfnX1wmVfFhSsF8OxrfqiNOUc5hko1Zg==",
      "optional": true
    },
    "@msgpackr-extract/msgpackr-extract-linux-x64": {
      "version": "2.1.2",
      "resolved": "https://registry.npmjs.org/@msgpackr-extract/msgpackr-extract-linux-x64/-/msgpackr-extract-linux-x64-2.1.2.tgz",
      "integrity": "sha512-RjRoRxg7Q3kPAdUSC5EUUPlwfMkIVhmaRTIe+cqHbKrGZ4M6TyCA/b5qMaukQ/1CHWrqYY2FbKOAU8Hg0pQFzg==",
      "optional": true
    },
    "@msgpackr-extract/msgpackr-extract-win32-x64": {
      "version": "2.1.2",
      "resolved": "https://registry.npmjs.org/@msgpackr-extract/msgpackr-extract-win32-x64/-/msgpackr-extract-win32-x64-2.1.2.tgz",
      "integrity": "sha512-rIZVR48zA8hGkHIK7ED6+ZiXsjRCcAVBJbm8o89OKAMTmEAQ2QvoOxoiu3w2isAaWwzgtQIOFIqHwvZDyLKCvw==",
      "optional": true
    },
    "@types/node": {
      "version": "14.18.23",
      "resolved": "https://registry.npmjs.org/@types/node/-/node-14.18.23.tgz",
      "integrity": "sha512-MhbCWN18R4GhO8ewQWAFK4TGQdBpXWByukz7cWyJmXhvRuCIaM/oWytGPqVmDzgEnnaIc9ss6HbU5mUi+vyZPA==",
      "dev": true
    },
    "lmdb": {
      "version": "2.5.5",
      "resolved": "https://registry.npmjs.org/lmdb/-/lmdb-2.5.5.tgz",
      "integrity": "sha512-e8/ZM2fsZlg2D88FZSHwJSqe7LNDfYS8/e3imocWLZ0qeoXvoT1Yfhnio2G5pPNM/fk2RX7mfE2Qsgp/EwTyuA==",
      "requires": {
        "@lmdb/lmdb-darwin-arm64": "2.5.5",
        "@lmdb/lmdb-darwin-x64": "2.5.5",
        "@lmdb/lmdb-linux-arm": "2.5.5",
        "@lmdb/lmdb-linux-arm64": "2.5.5",
        "@lmdb/lmdb-linux-x64": "2.5.5",
        "@lmdb/lmdb-win32-x64": "2.5.5",
        "msgpackr": "^1.5.4",
        "node-addon-api": "^4.3.0",
        "node-gyp-build-optional-packages": "5.0.3",
        "ordered-binary": "^1.2.4",
        "weak-lru-cache": "^1.2.2"
      }
    },
    "msgpackr": {
      "version": "1.6.2",
      "resolved": "https://registry.npmjs.org/msgpackr/-/msgpackr-1.6.2.tgz",
      "integrity": "sha512-bqSQ0DYJbXbrJcrZFmMygUZmqQiDfI2ewFVWcrZY12w5XHWtPuW4WppDT/e63Uu311ajwkRRXSoF0uILroBeTA==",
      "requires": {
        "msgpackr-extract": "^2.0.2"
      }
    },
    "msgpackr-extract": {
      "version": "2.1.2",
      "resolved": "https://registry.npmjs.org/msgpackr-extract/-/msgpackr-extract-2.1.2.tgz",
      "integrity": "sha512-cmrmERQFb19NX2JABOGtrKdHMyI6RUyceaPBQ2iRz9GnDkjBWFjNJC0jyyoOfZl2U/LZE3tQCCQc4dlRyA8mcA==",
      "optional": true,
      "requires": {
        "@msgpackr-extract/msgpackr-extract-darwin-arm64": "2.1.2",
        "@msgpackr-extract/msgpackr-extract-darwin-x64": "2.1.2",
        "@msgpackr-extract/msgpackr-extract-linux-arm": "2.1.2",
        "@msgpackr-extract/msgpackr-extract-linux-arm64": "2.1.2",
        "@msgpackr-extract/msgpackr-extract-linux-x64": "2.1.2",
        "@msgpackr-extract/msgpackr-extract-win32-x64": "2.1.2",
        "node-gyp-build-optional-packages": "5.0.3"
      }
    },
    "node-addon-api": {
      "version": "4.3.0",
      "resolved": "https://registry.npmjs.org/node-addon-api/-/node-addon-api-4.3.0.tgz",
      "integrity": "sha512-73sE9+3UaLYYFmDsFZnqCInzPyh3MqIwZO9cw58yIqAZhONrrabrYyYe3TuIqtIiOuTXVhsGau8hcrhhwSsDIQ=="
    },
    "node-gyp-build-optional-packages": {
      "version": "5.0.3",
      "resolved": "https://registry.npmjs.org/node-gyp-build-optional-packages/-/node-gyp-build-optional-packages-5.0.3.tgz",
      "integrity": "sha512-k75jcVzk5wnnc/FMxsf4udAoTEUv2jY3ycfdSd3yWu6Cnd1oee6/CfZJApyscA4FJOmdoixWwiwOyf16RzD5JA=="
    },
    "ordered-binary": {
      "version": "1.3.0",
      "resolved": "https://registry.npmjs.org/ordered-binary/-/ordered-binary-1.3.0.tgz",
      "integrity": "sha512-knIeYepTI6BDAzGxqFEDGtI/iGqs57H32CInAIxEvAHG46vk1Di0CEpyc1A7iY39B1mfik3g3KLYwOTNnnMHLA=="
    },
    "typescript": {
      "version": "4.7.4",
      "resolved": "https://registry.npmjs.org/typescript/-/typescript-4.7.4.tgz",
      "integrity": "sha512-C0WQT0gezHuw6AdY1M2jxUO83Rjf0HP7Sk1DtXj6j1EwkQNZrHAg2XPWlq62oqEhYvONq5pkC2Y9oPljWToLmQ==",
      "dev": true
    },
    "weak-lru-cache": {
      "version": "1.2.2",
      "resolved": "https://registry.npmjs.org/weak-lru-cache/-/weak-lru-cache-1.2.2.tgz",
      "integrity": "sha512-DEAoo25RfSYMuTGc9vPJzZcZullwIqRDSI9LOy+fkCJPi6hykCnfKaXTuPBDuXAUcqHXyOgFtHNp/kB2FjYHbw=="
    }
  }
}
