{
  "name": "server",
  "version": "0.0.0",
  "lockfileVersion": 2,
  "requires": true,
  "packages": {
    "": {
      "name": "server",
      "version": "0.0.0",
      "dependencies": {
        "base-64": "^1.0.0",
        "jsesc": "^3.0.2",
        "lmdb": "^2.5.3",
        "node-json-db": "^2.1.0"
      },
      "devDependencies": {
        "@types/node": "^14.14.7",
        "typescript": "^4.0.5"
      }
    },
    "node_modules/@lmdb/lmdb-darwin-arm64": {
      "version": "2.5.3",
      "resolved": "https://registry.npmjs.org/@lmdb/lmdb-darwin-arm64/-/lmdb-darwin-arm64-2.5.3.tgz",
      "integrity": "sha512-RXwGZ/0eCqtCY8FLTM/koR60w+MXyvBUpToXiIyjOcBnC81tAlTUHrRUavCEWPI9zc9VgvpK3+cbumPyR8BSuA==",
      "cpu": [
        "arm64"
      ],
      "optional": true,
      "os": [
        "darwin"
      ]
    },
    "node_modules/@lmdb/lmdb-darwin-x64": {
      "version": "2.5.3",
      "resolved": "https://registry.npmjs.org/@lmdb/lmdb-darwin-x64/-/lmdb-darwin-x64-2.5.3.tgz",
      "integrity": "sha512-337dNzh5yCdNCTk8kPfoU7jR3otibSlPDGW0vKZT97rKnQMb9tNdto3RtWoGPsQ8hKmlRZpojOJtmwjncq1MoA==",
      "cpu": [
        "x64"
      ],
      "optional": true,
      "os": [
        "darwin"
      ]
    },
    "node_modules/@lmdb/lmdb-linux-arm": {
      "version": "2.5.3",
      "resolved": "https://registry.npmjs.org/@lmdb/lmdb-linux-arm/-/lmdb-linux-arm-2.5.3.tgz",
      "integrity": "sha512-mU2HFJDGwECkoD9dHQEfeTG5mp8hNS2BCfwoiOpVPMeapjYpQz9Uw3FkUjRZ4dGHWKbin40oWHuL0bk2bCx+Sg==",
      "cpu": [
        "arm"
      ],
      "optional": true,
      "os": [
        "linux"
      ]
    },
    "node_modules/@lmdb/lmdb-linux-arm64": {
      "version": "2.5.3",
      "resolved": "https://registry.npmjs.org/@lmdb/lmdb-linux-arm64/-/lmdb-linux-arm64-2.5.3.tgz",
      "integrity": "sha512-VJw60Mdgb4n+L0fO1PqfB0C7TyEQolJAC8qpqvG3JoQwvyOv6LH7Ib/WE3wxEW9nuHmVz9jkK7lk5HfWWgoO1Q==",
      "cpu": [
        "arm64"
      ],
      "optional": true,
      "os": [
        "linux"
      ]
    },
    "node_modules/@lmdb/lmdb-linux-x64": {
      "version": "2.5.3",
      "resolved": "https://registry.npmjs.org/@lmdb/lmdb-linux-x64/-/lmdb-linux-x64-2.5.3.tgz",
      "integrity": "sha512-qaReO5aV8griBDsBr8uBF/faO3ieGjY1RY4p8JvTL6Mu1ylLrTVvOONqKFlNaCwrmUjWw5jnf7VafxDAeQHTow==",
      "cpu": [
        "x64"
      ],
      "optional": true,
      "os": [
        "linux"
      ]
    },
    "node_modules/@lmdb/lmdb-win32-x64": {
      "version": "2.5.3",
      "resolved": "https://registry.npmjs.org/@lmdb/lmdb-win32-x64/-/lmdb-win32-x64-2.5.3.tgz",
      "integrity": "sha512-cK+Elf3RjEzrm3SerAhrFWL5oQAsZSJ/LmjL1joIpTfEP1etJJ9CTRvdaV6XLYAxaEkfdhk/9hOvHLbR9yIhCA==",
      "cpu": [
        "x64"
      ],
      "optional": true,
      "os": [
        "win32"
      ]
    },
    "node_modules/@msgpackr-extract/msgpackr-extract-darwin-arm64": {
      "version": "2.1.2",
      "resolved": "https://registry.npmjs.org/@msgpackr-extract/msgpackr-extract-darwin-arm64/-/msgpackr-extract-darwin-arm64-2.1.2.tgz",
      "integrity": "sha512-TyVLn3S/+ikMDsh0gbKv2YydKClN8HaJDDpONlaZR+LVJmsxLFUgA+O7zu59h9+f9gX1aj/ahw9wqa6rosmrYQ==",
      "cpu": [
        "arm64"
      ],
      "optional": true,
      "os": [
        "darwin"
      ]
    },
    "node_modules/@msgpackr-extract/msgpackr-extract-darwin-x64": {
      "version": "2.1.2",
      "resolved": "https://registry.npmjs.org/@msgpackr-extract/msgpackr-extract-darwin-x64/-/msgpackr-extract-darwin-x64-2.1.2.tgz",
      "integrity": "sha512-YPXtcVkhmVNoMGlqp81ZHW4dMxK09msWgnxtsDpSiZwTzUBG2N+No2bsr7WMtBKCVJMSD6mbAl7YhKUqkp/Few==",
      "cpu": [
        "x64"
      ],
      "optional": true,
      "os": [
        "darwin"
      ]
    },
    "node_modules/@msgpackr-extract/msgpackr-extract-linux-arm": {
      "version": "2.1.2",
      "resolved": "https://registry.npmjs.org/@msgpackr-extract/msgpackr-extract-linux-arm/-/msgpackr-extract-linux-arm-2.1.2.tgz",
      "integrity": "sha512-42R4MAFeIeNn+L98qwxAt360bwzX2Kf0ZQkBBucJ2Ircza3asoY4CDbgiu9VWklq8gWJVSJSJBwDI+c/THiWkA==",
      "cpu": [
        "arm"
      ],
      "optional": true,
      "os": [
        "linux"
      ]
    },
    "node_modules/@msgpackr-extract/msgpackr-extract-linux-arm64": {
      "version": "2.1.2",
      "resolved": "https://registry.npmjs.org/@msgpackr-extract/msgpackr-extract-linux-arm64/-/msgpackr-extract-linux-arm64-2.1.2.tgz",
      "integrity": "sha512-vHZ2JiOWF2+DN9lzltGbhtQNzDo8fKFGrf37UJrgqxU0yvtERrzUugnfnX1wmVfFhSsF8OxrfqiNOUc5hko1Zg==",
      "cpu": [
        "arm64"
      ],
      "optional": true,
      "os": [
        "linux"
      ]
    },
    "node_modules/@msgpackr-extract/msgpackr-extract-linux-x64": {
      "version": "2.1.2",
      "resolved": "https://registry.npmjs.org/@msgpackr-extract/msgpackr-extract-linux-x64/-/msgpackr-extract-linux-x64-2.1.2.tgz",
      "integrity": "sha512-RjRoRxg7Q3kPAdUSC5EUUPlwfMkIVhmaRTIe+cqHbKrGZ4M6TyCA/b5qMaukQ/1CHWrqYY2FbKOAU8Hg0pQFzg==",
      "cpu": [
        "x64"
      ],
      "optional": true,
      "os": [
        "linux"
      ]
    },
    "node_modules/@msgpackr-extract/msgpackr-extract-win32-x64": {
      "version": "2.1.2",
      "resolved": "https://registry.npmjs.org/@msgpackr-extract/msgpackr-extract-win32-x64/-/msgpackr-extract-win32-x64-2.1.2.tgz",
      "integrity": "sha512-rIZVR48zA8hGkHIK7ED6+ZiXsjRCcAVBJbm8o89OKAMTmEAQ2QvoOxoiu3w2isAaWwzgtQIOFIqHwvZDyLKCvw==",
      "cpu": [
        "x64"
      ],
      "optional": true,
      "os": [
        "win32"
      ]
    },
    "node_modules/@types/node": {
      "version": "14.18.23",
      "resolved": "https://registry.npmjs.org/@types/node/-/node-14.18.23.tgz",
      "integrity": "sha512-MhbCWN18R4GhO8ewQWAFK4TGQdBpXWByukz7cWyJmXhvRuCIaM/oWytGPqVmDzgEnnaIc9ss6HbU5mUi+vyZPA==",
      "dev": true
    },
    "node_modules/atomically": {
      "version": "1.7.0",
      "resolved": "https://registry.npmjs.org/atomically/-/atomically-1.7.0.tgz",
      "integrity": "sha512-Xcz9l0z7y9yQ9rdDaxlmaI4uJHf/T8g9hOEzJcsEqX2SjCj4J20uK7+ldkDHMbpJDK76wF7xEIgxc/vSlsfw5w==",
      "engines": {
        "node": ">=10.12.0"
      }
    },
    "node_modules/base-64": {
      "version": "1.0.0",
      "resolved": "https://registry.npmjs.org/base-64/-/base-64-1.0.0.tgz",
      "integrity": "sha512-kwDPIFCGx0NZHog36dj+tHiwP4QMzsZ3AgMViUBKI0+V5n4U0ufTCUMhnQ04diaRI8EX/QcPfql7zlhZ7j4zgg=="
    },
    "node_modules/jsesc": {
      "version": "3.0.2",
      "resolved": "https://registry.npmjs.org/jsesc/-/jsesc-3.0.2.tgz",
      "integrity": "sha512-xKqzzWXDttJuOcawBt4KnKHHIf5oQ/Cxax+0PWFG+DFDgHNAdi+TXECADI+RYiFUMmx8792xsMbbgXj4CwnP4g==",
      "bin": {
        "jsesc": "bin/jsesc"
      },
      "engines": {
        "node": ">=6"
      }
    },
    "node_modules/lmdb": {
      "version": "2.5.3",
      "resolved": "https://registry.npmjs.org/lmdb/-/lmdb-2.5.3.tgz",
      "integrity": "sha512-iBA0cb13CobBSoGJLfZgnrykLlfJipDAnvtf+YwIqqzBEsTeQYsXrHaSBkaHd5wCWeabwrNvhjZoFMUrlo+eLw==",
      "hasInstallScript": true,
      "dependencies": {
        "msgpackr": "^1.5.4",
        "node-addon-api": "^4.3.0",
        "node-gyp-build-optional-packages": "5.0.3",
        "ordered-binary": "^1.2.4",
        "weak-lru-cache": "^1.2.2"
      },
      "optionalDependencies": {
        "@lmdb/lmdb-darwin-arm64": "2.5.3",
        "@lmdb/lmdb-darwin-x64": "2.5.3",
        "@lmdb/lmdb-linux-arm": "2.5.3",
        "@lmdb/lmdb-linux-arm64": "2.5.3",
        "@lmdb/lmdb-linux-x64": "2.5.3",
        "@lmdb/lmdb-win32-x64": "2.5.3"
      }
    },
    "node_modules/msgpackr": {
      "version": "1.6.2",
      "resolved": "https://registry.npmjs.org/msgpackr/-/msgpackr-1.6.2.tgz",
      "integrity": "sha512-bqSQ0DYJbXbrJcrZFmMygUZmqQiDfI2ewFVWcrZY12w5XHWtPuW4WppDT/e63Uu311ajwkRRXSoF0uILroBeTA==",
      "optionalDependencies": {
        "msgpackr-extract": "^2.0.2"
      }
    },
    "node_modules/msgpackr-extract": {
      "version": "2.1.2",
      "resolved": "https://registry.npmjs.org/msgpackr-extract/-/msgpackr-extract-2.1.2.tgz",
      "integrity": "sha512-cmrmERQFb19NX2JABOGtrKdHMyI6RUyceaPBQ2iRz9GnDkjBWFjNJC0jyyoOfZl2U/LZE3tQCCQc4dlRyA8mcA==",
      "hasInstallScript": true,
      "optional": true,
      "dependencies": {
        "node-gyp-build-optional-packages": "5.0.3"
      },
      "bin": {
        "download-msgpackr-prebuilds": "bin/download-prebuilds.js"
      },
      "optionalDependencies": {
        "@msgpackr-extract/msgpackr-extract-darwin-arm64": "2.1.2",
        "@msgpackr-extract/msgpackr-extract-darwin-x64": "2.1.2",
        "@msgpackr-extract/msgpackr-extract-linux-arm": "2.1.2",
        "@msgpackr-extract/msgpackr-extract-linux-arm64": "2.1.2",
        "@msgpackr-extract/msgpackr-extract-linux-x64": "2.1.2",
        "@msgpackr-extract/msgpackr-extract-win32-x64": "2.1.2"
      }
    },
    "node_modules/node-addon-api": {
      "version": "4.3.0",
      "resolved": "https://registry.npmjs.org/node-addon-api/-/node-addon-api-4.3.0.tgz",
      "integrity": "sha512-73sE9+3UaLYYFmDsFZnqCInzPyh3MqIwZO9cw58yIqAZhONrrabrYyYe3TuIqtIiOuTXVhsGau8hcrhhwSsDIQ=="
    },
    "node_modules/node-gyp-build-optional-packages": {
      "version": "5.0.3",
      "resolved": "https://registry.npmjs.org/node-gyp-build-optional-packages/-/node-gyp-build-optional-packages-5.0.3.tgz",
      "integrity": "sha512-k75jcVzk5wnnc/FMxsf4udAoTEUv2jY3ycfdSd3yWu6Cnd1oee6/CfZJApyscA4FJOmdoixWwiwOyf16RzD5JA==",
      "bin": {
        "node-gyp-build-optional-packages": "bin.js",
        "node-gyp-build-optional-packages-optional": "optional.js",
        "node-gyp-build-optional-packages-test": "build-test.js"
      }
    },
    "node_modules/node-json-db": {
      "version": "2.1.0",
      "resolved": "https://registry.npmjs.org/node-json-db/-/node-json-db-2.1.0.tgz",
      "integrity": "sha512-Fc6eLFknWtFdgp3TsNX6xVeHBpIXm4GdnHEHYkAyOlDjrWrLlHCUqhN8VyB4fWOPstPK7WOaFN7UQd4W+2x9Kw==",
      "dependencies": {
        "atomically": "^1.7.0"
      }
    },
    "node_modules/ordered-binary": {
      "version": "1.3.0",
      "resolved": "https://registry.npmjs.org/ordered-binary/-/ordered-binary-1.3.0.tgz",
      "integrity": "sha512-knIeYepTI6BDAzGxqFEDGtI/iGqs57H32CInAIxEvAHG46vk1Di0CEpyc1A7iY39B1mfik3g3KLYwOTNnnMHLA=="
    },
    "node_modules/typescript": {
      "version": "4.7.4",
      "resolved": "https://registry.npmjs.org/typescript/-/typescript-4.7.4.tgz",
      "integrity": "sha512-C0WQT0gezHuw6AdY1M2jxUO83Rjf0HP7Sk1DtXj6j1EwkQNZrHAg2XPWlq62oqEhYvONq5pkC2Y9oPljWToLmQ==",
      "dev": true,
      "bin": {
        "tsc": "bin/tsc",
        "tsserver": "bin/tsserver"
      },
      "engines": {
        "node": ">=4.2.0"
      }
    },
    "node_modules/weak-lru-cache": {
      "version": "1.2.2",
      "resolved": "https://registry.npmjs.org/weak-lru-cache/-/weak-lru-cache-1.2.2.tgz",
      "integrity": "sha512-DEAoo25RfSYMuTGc9vPJzZcZullwIqRDSI9LOy+fkCJPi6hykCnfKaXTuPBDuXAUcqHXyOgFtHNp/kB2FjYHbw=="
    }
  },
  "dependencies": {
    "@lmdb/lmdb-darwin-arm64": {
      "version": "2.5.3",
      "resolved": "https://registry.npmjs.org/@lmdb/lmdb-darwin-arm64/-/lmdb-darwin-arm64-2.5.3.tgz",
      "integrity": "sha512-RXwGZ/0eCqtCY8FLTM/koR60w+MXyvBUpToXiIyjOcBnC81tAlTUHrRUavCEWPI9zc9VgvpK3+cbumPyR8BSuA==",
      "optional": true
    },
    "@lmdb/lmdb-darwin-x64": {
      "version": "2.5.3",
      "resolved": "https://registry.npmjs.org/@lmdb/lmdb-darwin-x64/-/lmdb-darwin-x64-2.5.3.tgz",
      "integrity": "sha512-337dNzh5yCdNCTk8kPfoU7jR3otibSlPDGW0vKZT97rKnQMb9tNdto3RtWoGPsQ8hKmlRZpojOJtmwjncq1MoA==",
      "optional": true
    },
    "@lmdb/lmdb-linux-arm": {
      "version": "2.5.3",
      "resolved": "https://registry.npmjs.org/@lmdb/lmdb-linux-arm/-/lmdb-linux-arm-2.5.3.tgz",
      "integrity": "sha512-mU2HFJDGwECkoD9dHQEfeTG5mp8hNS2BCfwoiOpVPMeapjYpQz9Uw3FkUjRZ4dGHWKbin40oWHuL0bk2bCx+Sg==",
      "optional": true
    },
    "@lmdb/lmdb-linux-arm64": {
      "version": "2.5.3",
      "resolved": "https://registry.npmjs.org/@lmdb/lmdb-linux-arm64/-/lmdb-linux-arm64-2.5.3.tgz",
      "integrity": "sha512-VJw60Mdgb4n+L0fO1PqfB0C7TyEQolJAC8qpqvG3JoQwvyOv6LH7Ib/WE3wxEW9nuHmVz9jkK7lk5HfWWgoO1Q==",
      "optional": true
    },
    "@lmdb/lmdb-linux-x64": {
      "version": "2.5.3",
      "resolved": "https://registry.npmjs.org/@lmdb/lmdb-linux-x64/-/lmdb-linux-x64-2.5.3.tgz",
      "integrity": "sha512-qaReO5aV8griBDsBr8uBF/faO3ieGjY1RY4p8JvTL6Mu1ylLrTVvOONqKFlNaCwrmUjWw5jnf7VafxDAeQHTow==",
      "optional": true
    },
    "@lmdb/lmdb-win32-x64": {
      "version": "2.5.3",
      "resolved": "https://registry.npmjs.org/@lmdb/lmdb-win32-x64/-/lmdb-win32-x64-2.5.3.tgz",
      "integrity": "sha512-cK+Elf3RjEzrm3SerAhrFWL5oQAsZSJ/LmjL1joIpTfEP1etJJ9CTRvdaV6XLYAxaEkfdhk/9hOvHLbR9yIhCA==",
      "optional": true
    },
    "@msgpackr-extract/msgpackr-extract-darwin-arm64": {
      "version": "2.1.2",
      "resolved": "https://registry.npmjs.org/@msgpackr-extract/msgpackr-extract-darwin-arm64/-/msgpackr-extract-darwin-arm64-2.1.2.tgz",
      "integrity": "sha512-TyVLn3S/+ikMDsh0gbKv2YydKClN8HaJDDpONlaZR+LVJmsxLFUgA+O7zu59h9+f9gX1aj/ahw9wqa6rosmrYQ==",
      "optional": true
    },
    "@msgpackr-extract/msgpackr-extract-darwin-x64": {
      "version": "2.1.2",
      "resolved": "https://registry.npmjs.org/@msgpackr-extract/msgpackr-extract-darwin-x64/-/msgpackr-extract-darwin-x64-2.1.2.tgz",
      "integrity": "sha512-YPXtcVkhmVNoMGlqp81ZHW4dMxK09msWgnxtsDpSiZwTzUBG2N+No2bsr7WMtBKCVJMSD6mbAl7YhKUqkp/Few==",
      "optional": true
    },
    "@msgpackr-extract/msgpackr-extract-linux-arm": {
      "version": "2.1.2",
      "resolved": "https://registry.npmjs.org/@msgpackr-extract/msgpackr-extract-linux-arm/-/msgpackr-extract-linux-arm-2.1.2.tgz",
      "integrity": "sha512-42R4MAFeIeNn+L98qwxAt360bwzX2Kf0ZQkBBucJ2Ircza3asoY4CDbgiu9VWklq8gWJVSJSJBwDI+c/THiWkA==",
      "optional": true
    },
    "@msgpackr-extract/msgpackr-extract-linux-arm64": {
      "version": "2.1.2",
      "resolved": "https://registry.npmjs.org/@msgpackr-extract/msgpackr-extract-linux-arm64/-/msgpackr-extract-linux-arm64-2.1.2.tgz",
      "integrity": "sha512-vHZ2JiOWF2+DN9lzltGbhtQNzDo8fKFGrf37UJrgqxU0yvtERrzUugnfnX1wmVfFhSsF8OxrfqiNOUc5hko1Zg==",
      "optional": true
    },
    "@msgpackr-extract/msgpackr-extract-linux-x64": {
      "version": "2.1.2",
      "resolved": "https://registry.npmjs.org/@msgpackr-extract/msgpackr-extract-linux-x64/-/msgpackr-extract-linux-x64-2.1.2.tgz",
      "integrity": "sha512-RjRoRxg7Q3kPAdUSC5EUUPlwfMkIVhmaRTIe+cqHbKrGZ4M6TyCA/b5qMaukQ/1CHWrqYY2FbKOAU8Hg0pQFzg==",
      "optional": true
    },
    "@msgpackr-extract/msgpackr-extract-win32-x64": {
      "version": "2.1.2",
      "resolved": "https://registry.npmjs.org/@msgpackr-extract/msgpackr-extract-win32-x64/-/msgpackr-extract-win32-x64-2.1.2.tgz",
      "integrity": "sha512-rIZVR48zA8hGkHIK7ED6+ZiXsjRCcAVBJbm8o89OKAMTmEAQ2QvoOxoiu3w2isAaWwzgtQIOFIqHwvZDyLKCvw==",
      "optional": true
    },
    "@types/node": {
      "version": "14.18.23",
      "resolved": "https://registry.npmjs.org/@types/node/-/node-14.18.23.tgz",
      "integrity": "sha512-MhbCWN18R4GhO8ewQWAFK4TGQdBpXWByukz7cWyJmXhvRuCIaM/oWytGPqVmDzgEnnaIc9ss6HbU5mUi+vyZPA==",
      "dev": true
    },
    "atomically": {
      "version": "1.7.0",
      "resolved": "https://registry.npmjs.org/atomically/-/atomically-1.7.0.tgz",
      "integrity": "sha512-Xcz9l0z7y9yQ9rdDaxlmaI4uJHf/T8g9hOEzJcsEqX2SjCj4J20uK7+ldkDHMbpJDK76wF7xEIgxc/vSlsfw5w=="
    },
    "base-64": {
      "version": "1.0.0",
      "resolved": "https://registry.npmjs.org/base-64/-/base-64-1.0.0.tgz",
      "integrity": "sha512-kwDPIFCGx0NZHog36dj+tHiwP4QMzsZ3AgMViUBKI0+V5n4U0ufTCUMhnQ04diaRI8EX/QcPfql7zlhZ7j4zgg=="
    },
    "jsesc": {
      "version": "3.0.2",
      "resolved": "https://registry.npmjs.org/jsesc/-/jsesc-3.0.2.tgz",
      "integrity": "sha512-xKqzzWXDttJuOcawBt4KnKHHIf5oQ/Cxax+0PWFG+DFDgHNAdi+TXECADI+RYiFUMmx8792xsMbbgXj4CwnP4g=="
    },
    "lmdb": {
      "version": "2.5.3",
      "resolved": "https://registry.npmjs.org/lmdb/-/lmdb-2.5.3.tgz",
      "integrity": "sha512-iBA0cb13CobBSoGJLfZgnrykLlfJipDAnvtf+YwIqqzBEsTeQYsXrHaSBkaHd5wCWeabwrNvhjZoFMUrlo+eLw==",
      "requires": {
        "@lmdb/lmdb-darwin-arm64": "2.5.3",
        "@lmdb/lmdb-darwin-x64": "2.5.3",
        "@lmdb/lmdb-linux-arm": "2.5.3",
        "@lmdb/lmdb-linux-arm64": "2.5.3",
        "@lmdb/lmdb-linux-x64": "2.5.3",
        "@lmdb/lmdb-win32-x64": "2.5.3",
        "msgpackr": "^1.5.4",
        "node-addon-api": "^4.3.0",
        "node-gyp-build-optional-packages": "5.0.3",
        "ordered-binary": "^1.2.4",
        "weak-lru-cache": "^1.2.2"
      }
    },
    "msgpackr": {
      "version": "1.6.2",
      "resolved": "https://registry.npmjs.org/msgpackr/-/msgpackr-1.6.2.tgz",
      "integrity": "sha512-bqSQ0DYJbXbrJcrZFmMygUZmqQiDfI2ewFVWcrZY12w5XHWtPuW4WppDT/e63Uu311ajwkRRXSoF0uILroBeTA==",
      "requires": {
        "msgpackr-extract": "^2.0.2"
      }
    },
    "msgpackr-extract": {
      "version": "2.1.2",
      "resolved": "https://registry.npmjs.org/msgpackr-extract/-/msgpackr-extract-2.1.2.tgz",
      "integrity": "sha512-cmrmERQFb19NX2JABOGtrKdHMyI6RUyceaPBQ2iRz9GnDkjBWFjNJC0jyyoOfZl2U/LZE3tQCCQc4dlRyA8mcA==",
      "optional": true,
      "requires": {
        "@msgpackr-extract/msgpackr-extract-darwin-arm64": "2.1.2",
        "@msgpackr-extract/msgpackr-extract-darwin-x64": "2.1.2",
        "@msgpackr-extract/msgpackr-extract-linux-arm": "2.1.2",
        "@msgpackr-extract/msgpackr-extract-linux-arm64": "2.1.2",
        "@msgpackr-extract/msgpackr-extract-linux-x64": "2.1.2",
        "@msgpackr-extract/msgpackr-extract-win32-x64": "2.1.2",
        "node-gyp-build-optional-packages": "5.0.3"
      }
    },
    "node-addon-api": {
      "version": "4.3.0",
      "resolved": "https://registry.npmjs.org/node-addon-api/-/node-addon-api-4.3.0.tgz",
      "integrity": "sha512-73sE9+3UaLYYFmDsFZnqCInzPyh3MqIwZO9cw58yIqAZhONrrabrYyYe3TuIqtIiOuTXVhsGau8hcrhhwSsDIQ=="
    },
    "node-gyp-build-optional-packages": {
      "version": "5.0.3",
      "resolved": "https://registry.npmjs.org/node-gyp-build-optional-packages/-/node-gyp-build-optional-packages-5.0.3.tgz",
      "integrity": "sha512-k75jcVzk5wnnc/FMxsf4udAoTEUv2jY3ycfdSd3yWu6Cnd1oee6/CfZJApyscA4FJOmdoixWwiwOyf16RzD5JA=="
    },
    "node-json-db": {
      "version": "2.1.0",
      "resolved": "https://registry.npmjs.org/node-json-db/-/node-json-db-2.1.0.tgz",
      "integrity": "sha512-Fc6eLFknWtFdgp3TsNX6xVeHBpIXm4GdnHEHYkAyOlDjrWrLlHCUqhN8VyB4fWOPstPK7WOaFN7UQd4W+2x9Kw==",
      "requires": {
        "atomically": "^1.7.0"
      }
    },
    "ordered-binary": {
      "version": "1.3.0",
      "resolved": "https://registry.npmjs.org/ordered-binary/-/ordered-binary-1.3.0.tgz",
      "integrity": "sha512-knIeYepTI6BDAzGxqFEDGtI/iGqs57H32CInAIxEvAHG46vk1Di0CEpyc1A7iY39B1mfik3g3KLYwOTNnnMHLA=="
    },
    "typescript": {
      "version": "4.7.4",
      "resolved": "https://registry.npmjs.org/typescript/-/typescript-4.7.4.tgz",
      "integrity": "sha512-C0WQT0gezHuw6AdY1M2jxUO83Rjf0HP7Sk1DtXj6j1EwkQNZrHAg2XPWlq62oqEhYvONq5pkC2Y9oPljWToLmQ==",
      "dev": true
    },
    "weak-lru-cache": {
      "version": "1.2.2",
      "resolved": "https://registry.npmjs.org/weak-lru-cache/-/weak-lru-cache-1.2.2.tgz",
      "integrity": "sha512-DEAoo25RfSYMuTGc9vPJzZcZullwIqRDSI9LOy+fkCJPi6hykCnfKaXTuPBDuXAUcqHXyOgFtHNp/kB2FjYHbw=="
    }
  }
}
